
Microsoft Visual Studio Solution File, Format Version 12.00
# Visual Studio Version 17
VisualStudioVersion = 17.3.32901.215
MinimumVisualStudioVersion = 10.0.40219.1
Project("{888888A0-9F3D-457C-B088-3A5042F75D52}") = "basic_algorithms", "basic_algorithms.pyproj", "{4CB108CD-C366-4E60-A5CE-7DFCDC71E863}"
EndProject
Global
	GlobalSection(SolutionConfigurationPlatforms) = preSolution
		Debug|Any CPU = Debug|Any CPU
		Release|Any CPU = Release|Any CPU
	EndGlobalSection
	GlobalSection(ProjectConfigurationPlatforms) = postSolution
		{4CB108CD-C366-4E60-A5CE-7DFCDC71E863}.Debug|Any CPU.ActiveCfg = Debug|Any CPU
		{4CB108CD-C366-4E60-A5CE-7DFCDC71E863}.Release|Any CPU.ActiveCfg = Release|Any CPU
	EndGlobalSection
	GlobalSection(SolutionProperties) = preSolution
		HideSolutionNode = FALSE
	EndGlobalSection
	GlobalSection(ExtensibilityGlobals) = postSolution
		SolutionGuid = {B66529DF-0FB4-4F5A-8007-AF9455C990E8}
	EndGlobalSection
EndGlobal
